
Microsoft Visual Studio Solution File, Format Version 12.00
# Visual Studio Version 17
VisualStudioVersion = 17.5.33424.131
MinimumVisualStudioVersion = 10.0.40219.1
Project("{6989167D-11E4-40FE-8C1A-2192A86A7E90}") = "Console", "Console.vfproj", "{39C3B5F5-8A96-4E8C-9707-235C8C6F9F4B}"
EndProject
Global
	GlobalSection(SolutionConfigurationPlatforms) = preSolution
		Debug|x64 = Debug|x64
		Debug|x86 = Debug|x86
		Release|x64 = Release|x64
		Release|x86 = Release|x86
	EndGlobalSection
	GlobalSection(ProjectConfigurationPlatforms) = postSolution
		{39C3B5F5-8A96-4E8C-9707-235C8C6F9F4B}.Debug|x64.ActiveCfg = Debug|x64
		{39C3B5F5-8A96-4E8C-9707-235C8C6F9F4B}.Debug|x64.Build.0 = Debug|x64
		{39C3B5F5-8A96-4E8C-9707-235C8C6F9F4B}.Debug|x86.ActiveCfg = Debug|Win32
		{39C3B5F5-8A96-4E8C-9707-235C8C6F9F4B}.Debug|x86.Build.0 = Debug|Win32
		{39C3B5F5-8A96-4E8C-9707-235C8C6F9F4B}.Release|x64.ActiveCfg = Release|x64
		{39C3B5F5-8A96-4E8C-9707-235C8C6F9F4B}.Release|x64.Build.0 = Release|x64
		{39C3B5F5-8A96-4E8C-9707-235C8C6F9F4B}.Release|x86.ActiveCfg = Release|Win32
		{39C3B5F5-8A96-4E8C-9707-235C8C6F9F4B}.Release|x86.Build.0 = Release|Win32
	EndGlobalSection
	GlobalSection(SolutionProperties) = preSolution
		HideSolutionNode = FALSE
	EndGlobalSection
	GlobalSection(ExtensibilityGlobals) = postSolution
		SolutionGuid = {C5F0DFE3-7527-4695-AD22-F7463434ECF9}
	EndGlobalSection
EndGlobal
